
Microsoft Visual Studio Solution File, Format Version 12.00
# Visual Studio Version 17
VisualStudioVersion = 17.3.32922.545
MinimumVisualStudioVersion = 10.0.40219.1
Project("{FAE04EC0-301F-11D3-BF4B-00C04F79EFBC}") = "MoviesMVC", "MoviesMVC\MoviesMVC.csproj", "{2EED53A4-8EFA-4D13-A4E9-694ABEFE2153}"
EndProject
Global
	GlobalSection(SolutionConfigurationPlatforms) = preSolution
		Debug|Any CPU = Debug|Any CPU
		Release|Any CPU = Release|Any CPU
	EndGlobalSection
	GlobalSection(ProjectConfigurationPlatforms) = postSolution
		{2EED53A4-8EFA-4D13-A4E9-694ABEFE2153}.Debug|Any CPU.ActiveCfg = Debug|Any CPU
		{2EED53A4-8EFA-4D13-A4E9-694ABEFE2153}.Debug|Any CPU.Build.0 = Debug|Any CPU
		{2EED53A4-8EFA-4D13-A4E9-694ABEFE2153}.Release|Any CPU.ActiveCfg = Release|Any CPU
		{2EED53A4-8EFA-4D13-A4E9-694ABEFE2153}.Release|Any CPU.Build.0 = Release|Any CPU
	EndGlobalSection
	GlobalSection(SolutionProperties) = preSolution
		HideSolutionNode = FALSE
	EndGlobalSection
	GlobalSection(ExtensibilityGlobals) = postSolution
		SolutionGuid = {DBBC465F-3E47-4A0E-93E5-CEA7810A99C0}
	EndGlobalSection
EndGlobal
